
Microsoft Visual Studio Solution File, Format Version 12.00
# Visual Studio 15
VisualStudioVersion = 15.0.26403.7
MinimumVisualStudioVersion = 10.0.40219.1
Project("{FAE04EC0-301F-11D3-BF4B-00C04F79EFBC}") = "Ulatina.Topicos.Database.Example", "Ulatina.Topicos.Database.Example\Ulatina.Topicos.Database.Example.csproj", "{D22D0042-7FD4-436F-95E1-F418EF2A9336}"
EndProject
Project("{FAE04EC0-301F-11D3-BF4B-00C04F79EFBC}") = "AdventureWorks.Products.Model", "AdventureWorks.Products.Model\AdventureWorks.Products.Model.csproj", "{3A7A2156-FD5F-4FB6-914A-C0B44F60BD27}"
EndProject
Global
	GlobalSection(SolutionConfigurationPlatforms) = preSolution
		Debug|Any CPU = Debug|Any CPU
		Release|Any CPU = Release|Any CPU
	EndGlobalSection
	GlobalSection(ProjectConfigurationPlatforms) = postSolution
		{D22D0042-7FD4-436F-95E1-F418EF2A9336}.Debug|Any CPU.ActiveCfg = Debug|Any CPU
		{D22D0042-7FD4-436F-95E1-F418EF2A9336}.Debug|Any CPU.Build.0 = Debug|Any CPU
		{D22D0042-7FD4-436F-95E1-F418EF2A9336}.Release|Any CPU.ActiveCfg = Release|Any CPU
		{D22D0042-7FD4-436F-95E1-F418EF2A9336}.Release|Any CPU.Build.0 = Release|Any CPU
		{3A7A2156-FD5F-4FB6-914A-C0B44F60BD27}.Debug|Any CPU.ActiveCfg = Debug|Any CPU
		{3A7A2156-FD5F-4FB6-914A-C0B44F60BD27}.Debug|Any CPU.Build.0 = Debug|Any CPU
		{3A7A2156-FD5F-4FB6-914A-C0B44F60BD27}.Release|Any CPU.ActiveCfg = Release|Any CPU
		{3A7A2156-FD5F-4FB6-914A-C0B44F60BD27}.Release|Any CPU.Build.0 = Release|Any CPU
	EndGlobalSection
	GlobalSection(SolutionProperties) = preSolution
		HideSolutionNode = FALSE
	EndGlobalSection
EndGlobal
